// !$*UTF8*$!
{
	archiveVersion = 1;
	classes = {
	};
	objectVersion = 46;
	objects = {

/* Begin PBXBuildFile section */
		5302CA3F1E25DEF000D0EEBC /* SVProgressHUD.framework in Frameworks */ = {isa = PBXBuildFile; fileRef = 53B9921A1E25DEA200B8CDBA /* SVProgressHUD.framework */; };
		5302CA401E25DEF600D0EEBC /* SVProgressHUD.framework in Frameworks */ = {isa = PBXBuildFile; fileRef = 53B9921A1E25DEA200B8CDBA /* SVProgressHUD.framework */; };
		5302CA411E25DEF600D0EEBC /* SVProgressHUD.framework in Embed Frameworks */ = {isa = PBXBuildFile; fileRef = 53B9921A1E25DEA200B8CDBA /* SVProgressHUD.framework */; settings = {ATTRIBUTES = (CodeSignOnCopy, RemoveHeadersOnCopy, ); }; };
		5302CA461E25F5B200D0EEBC /* Constant.swift in Sources */ = {isa = PBXBuildFile; fileRef = 5302CA451E25F5B200D0EEBC /* Constant.swift */; };
		53A0B3C41E1CD1FA00332A22 /* AppDelegate.swift in Sources */ = {isa = PBXBuildFile; fileRef = 53A0B3C31E1CD1FA00332A22 /* AppDelegate.swift */; };
		53A0B3C61E1CD1FA00332A22 /* WebViewController.swift in Sources */ = {isa = PBXBuildFile; fileRef = 53A0B3C51E1CD1FA00332A22 /* WebViewController.swift */; };
		53A0B3C91E1CD1FA00332A22 /* Main.storyboard in Resources */ = {isa = PBXBuildFile; fileRef = 53A0B3C71E1CD1FA00332A22 /* Main.storyboard */; };
		53A0B3CB1E1CD1FA00332A22 /* Assets.xcassets in Resources */ = {isa = PBXBuildFile; fileRef = 53A0B3CA1E1CD1FA00332A22 /* Assets.xcassets */; };
		53A0B3CE1E1CD1FA00332A22 /* LaunchScreen.storyboard in Resources */ = {isa = PBXBuildFile; fileRef = 53A0B3CC1E1CD1FA00332A22 /* LaunchScreen.storyboard */; };
		53C5A54A1E35F1C2006C23BA /* SplashScreenViewController.swift in Sources */ = {isa = PBXBuildFile; fileRef = 53C5A5491E35F1C2006C23BA /* SplashScreenViewController.swift */; };
/* End PBXBuildFile section */

/* Begin PBXCopyFilesBuildPhase section */
		5302CA421E25DEF600D0EEBC /* Embed Frameworks */ = {
			isa = PBXCopyFilesBuildPhase;
			buildActionMask = 2147483647;
			dstPath = "";
			dstSubfolderSpec = 10;
			files = (
				5302CA411E25DEF600D0EEBC /* SVProgressHUD.framework in Embed Frameworks */,
			);
			name = "Embed Frameworks";
			runOnlyForDeploymentPostprocessing = 0;
		};
/* End PBXCopyFilesBuildPhase section */

/* Begin PBXFileReference section */
		5302CA451E25F5B200D0EEBC /* Constant.swift */ = {isa = PBXFileReference; fileEncoding = 4; lastKnownFileType = sourcecode.swift; path = Constant.swift; sourceTree = "<group>"; };
		53A0B3C01E1CD1FA00332A22 /* SAM Advance.app */ = {isa = PBXFileReference; explicitFileType = wrapper.application; includeInIndex = 0; path = "SAM Advance.app"; sourceTree = BUILT_PRODUCTS_DIR; };
		53A0B3C31E1CD1FA00332A22 /* AppDelegate.swift */ = {isa = PBXFileReference; lastKnownFileType = sourcecode.swift; path = AppDelegate.swift; sourceTree = "<group>"; };
		53A0B3C51E1CD1FA00332A22 /* WebViewController.swift */ = {isa = PBXFileReference; lastKnownFileType = sourcecode.swift; path = WebViewController.swift; sourceTree = "<group>"; };
		53A0B3C81E1CD1FA00332A22 /* Base */ = {isa = PBXFileReference; lastKnownFileType = file.storyboard; name = Base; path = Base.lproj/Main.storyboard; sourceTree = "<group>"; };
		53A0B3CA1E1CD1FA00332A22 /* Assets.xcassets */ = {isa = PBXFileReference; lastKnownFileType = folder.assetcatalog; path = Assets.xcassets; sourceTree = "<group>"; };
		53A0B3CD1E1CD1FA00332A22 /* Base */ = {isa = PBXFileReference; lastKnownFileType = file.storyboard; name = Base; path = Base.lproj/LaunchScreen.storyboard; sourceTree = "<group>"; };
		53A0B3CF1E1CD1FA00332A22 /* Info.plist */ = {isa = PBXFileReference; lastKnownFileType = text.plist.xml; path = Info.plist; sourceTree = "<group>"; };
		53A0B3D51E1CD24C00332A22 /* SAM Advance.entitlements */ = {isa = PBXFileReference; lastKnownFileType = text.plist.entitlements; path = "SAM Advance.entitlements"; sourceTree = "<group>"; };
		53B9921A1E25DEA200B8CDBA /* SVProgressHUD.framework */ = {isa = PBXFileReference; lastKnownFileType = wrapper.framework; name = SVProgressHUD.framework; path = Framework/SVProgressHUD.framework; sourceTree = "<group>"; };
		53C5A5491E35F1C2006C23BA /* SplashScreenViewController.swift */ = {isa = PBXFileReference; fileEncoding = 4; lastKnownFileType = sourcecode.swift; path = SplashScreenViewController.swift; sourceTree = "<group>"; };
/* End PBXFileReference section */

/* Begin PBXFrameworksBuildPhase section */
		53A0B3BD1E1CD1FA00332A22 /* Frameworks */ = {
			isa = PBXFrameworksBuildPhase;
			buildActionMask = 2147483647;
			files = (
				5302CA401E25DEF600D0EEBC /* SVProgressHUD.framework in Frameworks */,
				5302CA3F1E25DEF000D0EEBC /* SVProgressHUD.framework in Frameworks */,
			);
			runOnlyForDeploymentPostprocessing = 0;
		};
/* End PBXFrameworksBuildPhase section */

/* Begin PBXGroup section */
		53A0B3B71E1CD1FA00332A22 = {
			isa = PBXGroup;
			children = (
				53A0B3C21E1CD1FA00332A22 /* SAM Advance */,
				53A0B3C11E1CD1FA00332A22 /* Products */,
			);
			sourceTree = "<group>";
		};
		53A0B3C11E1CD1FA00332A22 /* Products */ = {
			isa = PBXGroup;
			children = (
				53A0B3C01E1CD1FA00332A22 /* SAM Advance.app */,
			);
			name = Products;
			sourceTree = "<group>";
		};
		53A0B3C21E1CD1FA00332A22 /* SAM Advance */ = {
			isa = PBXGroup;
			children = (
				53B992191E25DE7700B8CDBA /* Framework */,
				53A0B3D51E1CD24C00332A22 /* SAM Advance.entitlements */,
				53A0B3C31E1CD1FA00332A22 /* AppDelegate.swift */,
				53A0B3C51E1CD1FA00332A22 /* WebViewController.swift */,
				53A0B3C71E1CD1FA00332A22 /* Main.storyboard */,
				53A0B3CA1E1CD1FA00332A22 /* Assets.xcassets */,
				53A0B3CC1E1CD1FA00332A22 /* LaunchScreen.storyboard */,
				53A0B3CF1E1CD1FA00332A22 /* Info.plist */,
				5302CA451E25F5B200D0EEBC /* Constant.swift */,
				53C5A5491E35F1C2006C23BA /* SplashScreenViewController.swift */,
			);
			path = "SAM Advance";
			sourceTree = "<group>";
		};
		53B992191E25DE7700B8CDBA /* Framework */ = {
			isa = PBXGroup;
			children = (
				53B9921A1E25DEA200B8CDBA /* SVProgressHUD.framework */,
			);
			name = Framework;
			sourceTree = "<group>";
		};
/* End PBXGroup section */

/* Begin PBXNativeTarget section */
		53A0B3BF1E1CD1FA00332A22 /* SAM Advance */ = {
			isa = PBXNativeTarget;
			buildConfigurationList = 53A0B3D21E1CD1FA00332A22 /* Build configuration list for PBXNativeTarget "SAM Advance" */;
			buildPhases = (
				53A0B3BC1E1CD1FA00332A22 /* Sources */,
				53A0B3BD1E1CD1FA00332A22 /* Frameworks */,
				53A0B3BE1E1CD1FA00332A22 /* Resources */,
				5302CA421E25DEF600D0EEBC /* Embed Frameworks */,
			);
			buildRules = (
			);
			dependencies = (
			);
			name = "SAM Advance";
			productName = "SAM Advance";
			productReference = 53A0B3C01E1CD1FA00332A22 /* SAM Advance.app */;
			productType = "com.apple.product-type.application";
		};
/* End PBXNativeTarget section */

/* Begin PBXProject section */
		53A0B3B81E1CD1FA00332A22 /* Project object */ = {
			isa = PBXProject;
			attributes = {
				LastSwiftUpdateCheck = 0820;
				LastUpgradeCheck = 0820;
				ORGANIZATIONNAME = "Astra International";
				TargetAttributes = {
					53A0B3BF1E1CD1FA00332A22 = {
						CreatedOnToolsVersion = 8.2;
						DevelopmentTeam = WM47H4F624;
						ProvisioningStyle = Automatic;
						SystemCapabilities = {
							com.apple.BackgroundModes = {
								enabled = 1;
							};
							com.apple.Push = {
								enabled = 1;
							};
						};
					};
				};
			};
			buildConfigurationList = 53A0B3BB1E1CD1FA00332A22 /* Build configuration list for PBXProject "SAM Advance" */;
			compatibilityVersion = "Xcode 3.2";
			developmentRegion = English;
			hasScannedForEncodings = 0;
			knownRegions = (
				en,
				Base,
			);
			mainGroup = 53A0B3B71E1CD1FA00332A22;
			productRefGroup = 53A0B3C11E1CD1FA00332A22 /* Products */;
			projectDirPath = "";
			projectRoot = "";
			targets = (
				53A0B3BF1E1CD1FA00332A22 /* SAM Advance */,
			);
		};
/* End PBXProject section */

/* Begin PBXResourcesBuildPhase section */
		53A0B3BE1E1CD1FA00332A22 /* Resources */ = {
			isa = PBXResourcesBuildPhase;
			buildActionMask = 2147483647;
			files = (
				53A0B3CE1E1CD1FA00332A22 /* LaunchScreen.storyboard in Resources */,
				53A0B3CB1E1CD1FA00332A22 /* Assets.xcassets in Resources */,
				53A0B3C91E1CD1FA00332A22 /* Main.storyboard in Resources */,
			);
			runOnlyForDeploymentPostprocessing = 0;
		};
/* End PBXResourcesBuildPhase section */

/* Begin PBXSourcesBuildPhase section */
		53A0B3BC1E1CD1FA00332A22 /* Sources */ = {
			isa = PBXSourcesBuildPhase;
			buildActionMask = 2147483647;
			files = (
				53A0B3C61E1CD1FA00332A22 /* WebViewController.swift in Sources */,
				53A0B3C41E1CD1FA00332A22 /* AppDelegate.swift in Sources */,
				53C5A54A1E35F1C2006C23BA /* SplashScreenViewController.swift in Sources */,
				5302CA461E25F5B200D0EEBC /* Constant.swift in Sources */,
			);
			runOnlyForDeploymentPostprocessing = 0;
		};
/* End PBXSourcesBuildPhase section */

/* Begin PBXVariantGroup section */
		53A0B3C71E1CD1FA00332A22 /* Main.storyboard */ = {
			isa = PBXVariantGroup;
			children = (
				53A0B3C81E1CD1FA00332A22 /* Base */,
			);
			name = Main.storyboard;
			sourceTree = "<group>";
		};
		53A0B3CC1E1CD1FA00332A22 /* LaunchScreen.storyboard */ = {
			isa = PBXVariantGroup;
			children = (
				53A0B3CD1E1CD1FA00332A22 /* Base */,
			);
			name = LaunchScreen.storyboard;
			sourceTree = "<group>";
		};
/* End PBXVariantGroup section */

/* Begin XCBuildConfiguration section */
		53A0B3D01E1CD1FA00332A22 /* Debug */ = {
			isa = XCBuildConfiguration;
			buildSettings = {
				ALWAYS_SEARCH_USER_PATHS = NO;
				CLANG_ANALYZER_NONNULL = YES;
				CLANG_CXX_LANGUAGE_STANDARD = "gnu++0x";
				CLANG_CXX_LIBRARY = "libc++";
				CLANG_ENABLE_MODULES = YES;
				CLANG_ENABLE_OBJC_ARC = YES;
				CLANG_WARN_BOOL_CONVERSION = YES;
				CLANG_WARN_CONSTANT_CONVERSION = YES;
				CLANG_WARN_DIRECT_OBJC_ISA_USAGE = YES_ERROR;
				CLANG_WARN_DOCUMENTATION_COMMENTS = YES;
				CLANG_WARN_EMPTY_BODY = YES;
				CLANG_WARN_ENUM_CONVERSION = YES;
				CLANG_WARN_INFINITE_RECURSION = YES;
				CLANG_WARN_INT_CONVERSION = YES;
				CLANG_WARN_OBJC_ROOT_CLASS = YES_ERROR;
				CLANG_WARN_SUSPICIOUS_MOVE = YES;
				CLANG_WARN_UNREACHABLE_CODE = YES;
				CLANG_WARN__DUPLICATE_METHOD_MATCH = YES;
				"CODE_SIGN_IDENTITY[sdk=iphoneos*]" = "iPhone Developer";
				COPY_PHASE_STRIP = NO;
				DEBUG_INFORMATION_FORMAT = dwarf;
				ENABLE_STRICT_OBJC_MSGSEND = YES;
				ENABLE_TESTABILITY = YES;
				GCC_C_LANGUAGE_STANDARD = gnu99;
				GCC_DYNAMIC_NO_PIC = NO;
				GCC_NO_COMMON_BLOCKS = YES;
				GCC_OPTIMIZATION_LEVEL = 0;
				GCC_PREPROCESSOR_DEFINITIONS = (
					"DEBUG=1",
					"$(inherited)",
				);
				GCC_WARN_64_TO_32_BIT_CONVERSION = YES;
				GCC_WARN_ABOUT_RETURN_TYPE = YES_ERROR;
				GCC_WARN_UNDECLARED_SELECTOR = YES;
				GCC_WARN_UNINITIALIZED_AUTOS = YES_AGGRESSIVE;
				GCC_WARN_UNUSED_FUNCTION = YES;
				GCC_WARN_UNUSED_VARIABLE = YES;
				IPHONEOS_DEPLOYMENT_TARGET = 10.2;
				MTL_ENABLE_DEBUG_INFO = YES;
				ONLY_ACTIVE_ARCH = YES;
				SDKROOT = iphoneos;
				SWIFT_ACTIVE_COMPILATION_CONDITIONS = DEBUG;
				SWIFT_OPTIMIZATION_LEVEL = "-Onone";
				TARGETED_DEVICE_FAMILY = "1,2";
			};
			name = Debug;
		};
		53A0B3D11E1CD1FA00332A22 /* Release */ = {
			isa = XCBuildConfiguration;
			buildSettings = {
				ALWAYS_SEARCH_USER_PATHS = NO;
				CLANG_ANALYZER_NONNULL = YES;
				CLANG_CXX_LANGUAGE_STANDARD = "gnu++0x";
				CLANG_CXX_LIBRARY = "libc++";
				CLANG_ENABLE_MODULES = YES;
				CLANG_ENABLE_OBJC_ARC = YES;
				CLANG_WARN_BOOL_CONVERSION = YES;
				CLANG_WARN_CONSTANT_CONVERSION = YES;
				CLANG_WARN_DIRECT_OBJC_ISA_USAGE = YES_ERROR;
				CLANG_WARN_DOCUMENTATION_COMMENTS = YES;
				CLANG_WARN_EMPTY_BODY = YES;
				CLANG_WARN_ENUM_CONVERSION = YES;
				CLANG_WARN_INFINITE_RECURSION = YES;
				CLANG_WARN_INT_CONVERSION = YES;
				CLANG_WARN_OBJC_ROOT_CLASS = YES_ERROR;
				CLANG_WARN_SUSPICIOUS_MOVE = YES;
				CLANG_WARN_UNREACHABLE_CODE = YES;
				CLANG_WARN__DUPLICATE_METHOD_MATCH = YES;
				"CODE_SIGN_IDENTITY[sdk=iphoneos*]" = "iPhone Developer";
				COPY_PHASE_STRIP = NO;
				DEBUG_INFORMATION_FORMAT = "dwarf-with-dsym";
				ENABLE_NS_ASSERTIONS = NO;
				ENABLE_STRICT_OBJC_MSGSEND = YES;
				GCC_C_LANGUAGE_STANDARD = gnu99;
				GCC_NO_COMMON_BLOCKS = YES;
				GCC_WARN_64_TO_32_BIT_CONVERSION = YES;
				GCC_WARN_ABOUT_RETURN_TYPE = YES_ERROR;
				GCC_WARN_UNDECLARED_SELECTOR = YES;
				GCC_WARN_UNINITIALIZED_AUTOS = YES_AGGRESSIVE;
				GCC_WARN_UNUSED_FUNCTION = YES;
				GCC_WARN_UNUSED_VARIABLE = YES;
				IPHONEOS_DEPLOYMENT_TARGET = 10.2;
				MTL_ENABLE_DEBUG_INFO = NO;
				SDKROOT = iphoneos;
				SWIFT_OPTIMIZATION_LEVEL = "-Owholemodule";
				TARGETED_DEVICE_FAMILY = "1,2";
				VALIDATE_PRODUCT = YES;
			};
			name = Release;
		};
		53A0B3D31E1CD1FA00332A22 /* Debug */ = {
			isa = XCBuildConfiguration;
			buildSettings = {
				ASSETCATALOG_COMPILER_APPICON_NAME = AppIcon;
				CODE_SIGN_ENTITLEMENTS = "SAM Advance/SAM Advance.entitlements";
				"CODE_SIGN_IDENTITY[sdk=iphoneos*]" = "iPhone Developer";
				DEVELOPMENT_TEAM = WM47H4F624;
				FRAMEWORK_SEARCH_PATHS = (
					"$(inherited)",
					"$(PROJECT_DIR)/SAM\\ Advance",
					"$(PROJECT_DIR)/SAM\\ Advance",
					"$(PROJECT_DIR)/SAM\\ Advance/Framework",
				);
				INFOPLIST_FILE = "SAM Advance/Info.plist";
				IPHONEOS_DEPLOYMENT_TARGET = 9.0;
				LD_RUNPATH_SEARCH_PATHS = "$(inherited) @executable_path/Frameworks";
				PRODUCT_BUNDLE_IDENTIFIER = com.corpai.SAMAdvance;
				PRODUCT_NAME = "$(TARGET_NAME)";
				PROVISIONING_PROFILE = "";
				PROVISIONING_PROFILE_SPECIFIER = "";
				SWIFT_VERSION = 3.0;
				TARGETED_DEVICE_FAMILY = "1,2";
			};
			name = Debug;
		};
		53A0B3D41E1CD1FA00332A22 /* Release */ = {
			isa = XCBuildConfiguration;
			buildSettings = {
				ASSETCATALOG_COMPILER_APPICON_NAME = AppIcon;
				CODE_SIGN_ENTITLEMENTS = "SAM Advance/SAM Advance.entitlements";
				"CODE_SIGN_IDENTITY[sdk=iphoneos*]" = "iPhone Developer";
				DEVELOPMENT_TEAM = WM47H4F624;
				FRAMEWORK_SEARCH_PATHS = (
					"$(inherited)",
					"$(PROJECT_DIR)/SAM\\ Advance",
					"$(PROJECT_DIR)/SAM\\ Advance",
					"$(PROJECT_DIR)/SAM\\ Advance/Framework",
				);
				INFOPLIST_FILE = "SAM Advance/Info.plist";
				IPHONEOS_DEPLOYMENT_TARGET = 9.0;
				LD_RUNPATH_SEARCH_PATHS = "$(inherited) @executable_path/Frameworks";
				PRODUCT_BUNDLE_IDENTIFIER = com.corpai.SAMAdvance;
				PRODUCT_NAME = "$(TARGET_NAME)";
				PROVISIONING_PROFILE = "";
				PROVISIONING_PROFILE_SPECIFIER = "";
				SWIFT_VERSION = 3.0;
				TARGETED_DEVICE_FAMILY = "1,2";
			};
			name = Release;
		};
/* End XCBuildConfiguration section */

/* Begin XCConfigurationList section */
		53A0B3BB1E1CD1FA00332A22 /* Build configuration list for PBXProject "SAM Advance" */ = {
			isa = XCConfigurationList;
			buildConfigurations = (
				53A0B3D01E1CD1FA00332A22 /* Debug */,
				53A0B3D11E1CD1FA00332A22 /* Release */,
			);
			defaultConfigurationIsVisible = 0;
			defaultConfigurationName = Release;
		};
		53A0B3D21E1CD1FA00332A22 /* Build configuration list for PBXNativeTarget "SAM Advance" */ = {
			isa = XCConfigurationList;
			buildConfigurations = (
				53A0B3D31E1CD1FA00332A22 /* Debug */,
				53A0B3D41E1CD1FA00332A22 /* Release */,
			);
			defaultConfigurationIsVisible = 0;
			defaultConfigurationName = Release;
		};
/* End XCConfigurationList section */
	};
	rootObject = 53A0B3B81E1CD1FA00332A22 /* Project object */;
}
